
Microsoft Visual Studio Solution File, Format Version 12.00
# Visual Studio Version 17
VisualStudioVersion = 17.3.32901.215
MinimumVisualStudioVersion = 10.0.40219.1
Project("{FAE04EC0-301F-11D3-BF4B-00C04F79EFBC}") = "Web.API", "Web.API\Web.API.csproj", "{CAEFC0C7-200F-4558-99A8-8202223CFE19}"
EndProject
Global
	GlobalSection(SolutionConfigurationPlatforms) = preSolution
		Debug|Any CPU = Debug|Any CPU
		Release|Any CPU = Release|Any CPU
	EndGlobalSection
	GlobalSection(ProjectConfigurationPlatforms) = postSolution
		{CAEFC0C7-200F-4558-99A8-8202223CFE19}.Debug|Any CPU.ActiveCfg = Debug|Any CPU
		{CAEFC0C7-200F-4558-99A8-8202223CFE19}.Debug|Any CPU.Build.0 = Debug|Any CPU
		{CAEFC0C7-200F-4558-99A8-8202223CFE19}.Release|Any CPU.ActiveCfg = Release|Any CPU
		{CAEFC0C7-200F-4558-99A8-8202223CFE19}.Release|Any CPU.Build.0 = Release|Any CPU
	EndGlobalSection
	GlobalSection(SolutionProperties) = preSolution
		HideSolutionNode = FALSE
	EndGlobalSection
	GlobalSection(ExtensibilityGlobals) = postSolution
		SolutionGuid = {3492EFB7-16D4-4867-8000-5B8BC7B80109}
	EndGlobalSection
EndGlobal
